// !$*UTF8*$!
{
	archiveVersion = 1;
	classes = {
	};
	objectVersion = 55;
	objects = {

/* Begin PBXBuildFile section */
		C64F99DF293DF61300051B6A /* NewGroceryViewController.swift in Sources */ = {isa = PBXBuildFile; fileRef = C64F99DE293DF61200051B6A /* NewGroceryViewController.swift */; };
		F403A557293DE88700721F92 /* temp.swift in Sources */ = {isa = PBXBuildFile; fileRef = F403A556293DE88700721F92 /* temp.swift */; };
		F43BB4DC293C88C400D9BE12 /* AppDelegate.swift in Sources */ = {isa = PBXBuildFile; fileRef = F43BB4DB293C88C400D9BE12 /* AppDelegate.swift */; };
		F43BB4DE293C88C400D9BE12 /* SceneDelegate.swift in Sources */ = {isa = PBXBuildFile; fileRef = F43BB4DD293C88C400D9BE12 /* SceneDelegate.swift */; };
		F43BB4E3293C88C400D9BE12 /* Main.storyboard in Resources */ = {isa = PBXBuildFile; fileRef = F43BB4E1293C88C400D9BE12 /* Main.storyboard */; };
		F43BB4E5293C88C800D9BE12 /* Assets.xcassets in Resources */ = {isa = PBXBuildFile; fileRef = F43BB4E4293C88C800D9BE12 /* Assets.xcassets */; };
		F43BB4E8293C88C800D9BE12 /* LaunchScreen.storyboard in Resources */ = {isa = PBXBuildFile; fileRef = F43BB4E6293C88C800D9BE12 /* LaunchScreen.storyboard */; };
		F43BB4F0293C8C5F00D9BE12 /* isa.storyboard in Resources */ = {isa = PBXBuildFile; fileRef = F43BB4EF293C8C5F00D9BE12 /* isa.storyboard */; };
		F43BB4F5293C8CBC00D9BE12 /* vladislav.storyboard in Resources */ = {isa = PBXBuildFile; fileRef = F43BB4F4293C8CBC00D9BE12 /* vladislav.storyboard */; };
		F43BB4F7293C8CC200D9BE12 /* rose.storyboard in Resources */ = {isa = PBXBuildFile; fileRef = F43BB4F6293C8CC200D9BE12 /* rose.storyboard */; };
		F43BB4FA293C8D4600D9BE12 /* ShoppingFile.swift in Sources */ = {isa = PBXBuildFile; fileRef = F43BB4F9293C8D4600D9BE12 /* ShoppingFile.swift */; };
		F43BB4FD293C8D6600D9BE12 /* DataStore.swift in Sources */ = {isa = PBXBuildFile; fileRef = F43BB4FC293C8D6600D9BE12 /* DataStore.swift */; };
		F4627803293CA58300AA31AF /* ShoppingListViewController.swift in Sources */ = {isa = PBXBuildFile; fileRef = F4627802293CA58300AA31AF /* ShoppingListViewController.swift */; };
		F4627805293CA62900AA31AF /* ShoppingListViewCell.swift in Sources */ = {isa = PBXBuildFile; fileRef = F4627804293CA62900AA31AF /* ShoppingListViewCell.swift */; };
/* End PBXBuildFile section */

/* Begin PBXFileReference section */
		C64F99DE293DF61200051B6A /* NewGroceryViewController.swift */ = {isa = PBXFileReference; lastKnownFileType = sourcecode.swift; path = NewGroceryViewController.swift; sourceTree = "<group>"; };
		F403A556293DE88700721F92 /* temp.swift */ = {isa = PBXFileReference; lastKnownFileType = sourcecode.swift; path = temp.swift; sourceTree = "<group>"; };
		F43BB4D8293C88C400D9BE12 /* Project(Isa-Vladislav-Rose).app */ = {isa = PBXFileReference; explicitFileType = wrapper.application; includeInIndex = 0; path = "Project(Isa-Vladislav-Rose).app"; sourceTree = BUILT_PRODUCTS_DIR; };
		F43BB4DB293C88C400D9BE12 /* AppDelegate.swift */ = {isa = PBXFileReference; lastKnownFileType = sourcecode.swift; path = AppDelegate.swift; sourceTree = "<group>"; };
		F43BB4DD293C88C400D9BE12 /* SceneDelegate.swift */ = {isa = PBXFileReference; lastKnownFileType = sourcecode.swift; path = SceneDelegate.swift; sourceTree = "<group>"; };
		F43BB4E2293C88C400D9BE12 /* Base */ = {isa = PBXFileReference; lastKnownFileType = file.storyboard; name = Base; path = Base.lproj/Main.storyboard; sourceTree = "<group>"; };
		F43BB4E4293C88C800D9BE12 /* Assets.xcassets */ = {isa = PBXFileReference; lastKnownFileType = folder.assetcatalog; path = Assets.xcassets; sourceTree = "<group>"; };
		F43BB4E7293C88C800D9BE12 /* Base */ = {isa = PBXFileReference; lastKnownFileType = file.storyboard; name = Base; path = Base.lproj/LaunchScreen.storyboard; sourceTree = "<group>"; };
		F43BB4E9293C88C800D9BE12 /* Info.plist */ = {isa = PBXFileReference; lastKnownFileType = text.plist.xml; path = Info.plist; sourceTree = "<group>"; };
		F43BB4EF293C8C5F00D9BE12 /* isa.storyboard */ = {isa = PBXFileReference; lastKnownFileType = file.storyboard; path = isa.storyboard; sourceTree = "<group>"; };
		F43BB4F4293C8CBC00D9BE12 /* vladislav.storyboard */ = {isa = PBXFileReference; lastKnownFileType = file.storyboard; path = vladislav.storyboard; sourceTree = "<group>"; };
		F43BB4F6293C8CC200D9BE12 /* rose.storyboard */ = {isa = PBXFileReference; lastKnownFileType = file.storyboard; path = rose.storyboard; sourceTree = "<group>"; };
		F43BB4F9293C8D4600D9BE12 /* ShoppingFile.swift */ = {isa = PBXFileReference; lastKnownFileType = sourcecode.swift; path = ShoppingFile.swift; sourceTree = "<group>"; };
		F43BB4FC293C8D6600D9BE12 /* DataStore.swift */ = {isa = PBXFileReference; lastKnownFileType = sourcecode.swift; path = DataStore.swift; sourceTree = "<group>"; };
		F4627802293CA58300AA31AF /* ShoppingListViewController.swift */ = {isa = PBXFileReference; lastKnownFileType = sourcecode.swift; path = ShoppingListViewController.swift; sourceTree = "<group>"; };
		F4627804293CA62900AA31AF /* ShoppingListViewCell.swift */ = {isa = PBXFileReference; lastKnownFileType = sourcecode.swift; path = ShoppingListViewCell.swift; sourceTree = "<group>"; };
/* End PBXFileReference section */

/* Begin PBXFrameworksBuildPhase section */
		F43BB4D5293C88C400D9BE12 /* Frameworks */ = {
			isa = PBXFrameworksBuildPhase;
			buildActionMask = 2147483647;
			files = (
			);
			runOnlyForDeploymentPostprocessing = 0;
		};
/* End PBXFrameworksBuildPhase section */

/* Begin PBXGroup section */
		F403A555293DE87A00721F92 /* temp */ = {
			isa = PBXGroup;
			children = (
				F403A556293DE88700721F92 /* temp.swift */,
			);
			path = temp;
			sourceTree = "<group>";
		};
		F43BB4CF293C88C400D9BE12 = {
			isa = PBXGroup;
			children = (
				F43BB4DA293C88C400D9BE12 /* Project(Isa-Vladislav-Rose) */,
				F43BB4D9293C88C400D9BE12 /* Products */,
			);
			sourceTree = "<group>";
		};
		F43BB4D9293C88C400D9BE12 /* Products */ = {
			isa = PBXGroup;
			children = (
				F43BB4D8293C88C400D9BE12 /* Project(Isa-Vladislav-Rose).app */,
			);
			name = Products;
			sourceTree = "<group>";
		};
		F43BB4DA293C88C400D9BE12 /* Project(Isa-Vladislav-Rose) */ = {
			isa = PBXGroup;
			children = (
				F403A555293DE87A00721F92 /* temp */,
				F43BB4FB293C8D5A00D9BE12 /* DataStore */,
				F43BB4F8293C8D2300D9BE12 /* Models */,
				F43BB4F3293C8CAA00D9BE12 /* rose */,
				F43BB4F2293C8CA000D9BE12 /* vladislav */,
				F43BB4F1293C8C9600D9BE12 /* isa */,
				F43BB4DB293C88C400D9BE12 /* AppDelegate.swift */,
				F43BB4DD293C88C400D9BE12 /* SceneDelegate.swift */,
				F43BB4E1293C88C400D9BE12 /* Main.storyboard */,
				F43BB4E4293C88C800D9BE12 /* Assets.xcassets */,
				F43BB4E6293C88C800D9BE12 /* LaunchScreen.storyboard */,
				F43BB4E9293C88C800D9BE12 /* Info.plist */,
			);
			path = "Project(Isa-Vladislav-Rose)";
			sourceTree = "<group>";
		};
		F43BB4F1293C8C9600D9BE12 /* isa */ = {
			isa = PBXGroup;
			children = (
				F43BB4EF293C8C5F00D9BE12 /* isa.storyboard */,
				F4627802293CA58300AA31AF /* ShoppingListViewController.swift */,
				F4627804293CA62900AA31AF /* ShoppingListViewCell.swift */,
			);
			path = isa;
			sourceTree = "<group>";
		};
		F43BB4F2293C8CA000D9BE12 /* vladislav */ = {
			isa = PBXGroup;
			children = (
				F43BB4F4293C8CBC00D9BE12 /* vladislav.storyboard */,
			);
			path = vladislav;
			sourceTree = "<group>";
		};
		F43BB4F3293C8CAA00D9BE12 /* rose */ = {
			isa = PBXGroup;
			children = (
				F43BB4F6293C8CC200D9BE12 /* rose.storyboard */,
				C64F99DE293DF61200051B6A /* NewGroceryViewController.swift */,
			);
			path = rose;
			sourceTree = "<group>";
		};
		F43BB4F8293C8D2300D9BE12 /* Models */ = {
			isa = PBXGroup;
			children = (
				F43BB4F9293C8D4600D9BE12 /* ShoppingFile.swift */,
			);
			path = Models;
			sourceTree = "<group>";
		};
		F43BB4FB293C8D5A00D9BE12 /* DataStore */ = {
			isa = PBXGroup;
			children = (
				F43BB4FC293C8D6600D9BE12 /* DataStore.swift */,
			);
			path = DataStore;
			sourceTree = "<group>";
		};
/* End PBXGroup section */

/* Begin PBXNativeTarget section */
		F43BB4D7293C88C400D9BE12 /* Project(Isa-Vladislav-Rose) */ = {
			isa = PBXNativeTarget;
			buildConfigurationList = F43BB4EC293C88C800D9BE12 /* Build configuration list for PBXNativeTarget "Project(Isa-Vladislav-Rose)" */;
			buildPhases = (
				F43BB4D4293C88C400D9BE12 /* Sources */,
				F43BB4D5293C88C400D9BE12 /* Frameworks */,
				F43BB4D6293C88C400D9BE12 /* Resources */,
			);
			buildRules = (
			);
			dependencies = (
			);
			name = "Project(Isa-Vladislav-Rose)";
			productName = "Project(Isa-Vladislav-Rose)";
			productReference = F43BB4D8293C88C400D9BE12 /* Project(Isa-Vladislav-Rose).app */;
			productType = "com.apple.product-type.application";
		};
/* End PBXNativeTarget section */

/* Begin PBXProject section */
		F43BB4D0293C88C400D9BE12 /* Project object */ = {
			isa = PBXProject;
			attributes = {
				BuildIndependentTargetsInParallel = 1;
				LastSwiftUpdateCheck = 1340;
				LastUpgradeCheck = 1340;
				TargetAttributes = {
					F43BB4D7293C88C400D9BE12 = {
						CreatedOnToolsVersion = 13.4.1;
					};
				};
			};
			buildConfigurationList = F43BB4D3293C88C400D9BE12 /* Build configuration list for PBXProject "Project(Isa-Vladislav-Rose)" */;
			compatibilityVersion = "Xcode 13.0";
			developmentRegion = en;
			hasScannedForEncodings = 0;
			knownRegions = (
				en,
				Base,
			);
			mainGroup = F43BB4CF293C88C400D9BE12;
			productRefGroup = F43BB4D9293C88C400D9BE12 /* Products */;
			projectDirPath = "";
			projectRoot = "";
			targets = (
				F43BB4D7293C88C400D9BE12 /* Project(Isa-Vladislav-Rose) */,
			);
		};
/* End PBXProject section */

/* Begin PBXResourcesBuildPhase section */
		F43BB4D6293C88C400D9BE12 /* Resources */ = {
			isa = PBXResourcesBuildPhase;
			buildActionMask = 2147483647;
			files = (
				F43BB4E8293C88C800D9BE12 /* LaunchScreen.storyboard in Resources */,
				F43BB4F7293C8CC200D9BE12 /* rose.storyboard in Resources */,
				F43BB4F5293C8CBC00D9BE12 /* vladislav.storyboard in Resources */,
				F43BB4E5293C88C800D9BE12 /* Assets.xcassets in Resources */,
				F43BB4F0293C8C5F00D9BE12 /* isa.storyboard in Resources */,
				F43BB4E3293C88C400D9BE12 /* Main.storyboard in Resources */,
			);
			runOnlyForDeploymentPostprocessing = 0;
		};
/* End PBXResourcesBuildPhase section */

/* Begin PBXSourcesBuildPhase section */
		F43BB4D4293C88C400D9BE12 /* Sources */ = {
			isa = PBXSourcesBuildPhase;
			buildActionMask = 2147483647;
			files = (
				F4627805293CA62900AA31AF /* ShoppingListViewCell.swift in Sources */,
				F43BB4DC293C88C400D9BE12 /* AppDelegate.swift in Sources */,
				F43BB4FD293C8D6600D9BE12 /* DataStore.swift in Sources */,
				F4627803293CA58300AA31AF /* ShoppingListViewController.swift in Sources */,
				F43BB4DE293C88C400D9BE12 /* SceneDelegate.swift in Sources */,
				C64F99DF293DF61300051B6A /* NewGroceryViewController.swift in Sources */,
				F403A557293DE88700721F92 /* temp.swift in Sources */,
				F43BB4FA293C8D4600D9BE12 /* ShoppingFile.swift in Sources */,
			);
			runOnlyForDeploymentPostprocessing = 0;
		};
/* End PBXSourcesBuildPhase section */

/* Begin PBXVariantGroup section */
		F43BB4E1293C88C400D9BE12 /* Main.storyboard */ = {
			isa = PBXVariantGroup;
			children = (
				F43BB4E2293C88C400D9BE12 /* Base */,
			);
			name = Main.storyboard;
			sourceTree = "<group>";
		};
		F43BB4E6293C88C800D9BE12 /* LaunchScreen.storyboard */ = {
			isa = PBXVariantGroup;
			children = (
				F43BB4E7293C88C800D9BE12 /* Base */,
			);
			name = LaunchScreen.storyboard;
			sourceTree = "<group>";
		};
/* End PBXVariantGroup section */

/* Begin XCBuildConfiguration section */
		F43BB4EA293C88C800D9BE12 /* Debug */ = {
			isa = XCBuildConfiguration;
			buildSettings = {
				ALWAYS_SEARCH_USER_PATHS = NO;
				CLANG_ANALYZER_NONNULL = YES;
				CLANG_ANALYZER_NUMBER_OBJECT_CONVERSION = YES_AGGRESSIVE;
				CLANG_CXX_LANGUAGE_STANDARD = "gnu++17";
				CLANG_ENABLE_MODULES = YES;
				CLANG_ENABLE_OBJC_ARC = YES;
				CLANG_ENABLE_OBJC_WEAK = YES;
				CLANG_WARN_BLOCK_CAPTURE_AUTORELEASING = YES;
				CLANG_WARN_BOOL_CONVERSION = YES;
				CLANG_WARN_COMMA = YES;
				CLANG_WARN_CONSTANT_CONVERSION = YES;
				CLANG_WARN_DEPRECATED_OBJC_IMPLEMENTATIONS = YES;
				CLANG_WARN_DIRECT_OBJC_ISA_USAGE = YES_ERROR;
				CLANG_WARN_DOCUMENTATION_COMMENTS = YES;
				CLANG_WARN_EMPTY_BODY = YES;
				CLANG_WARN_ENUM_CONVERSION = YES;
				CLANG_WARN_INFINITE_RECURSION = YES;
				CLANG_WARN_INT_CONVERSION = YES;
				CLANG_WARN_NON_LITERAL_NULL_CONVERSION = YES;
				CLANG_WARN_OBJC_IMPLICIT_RETAIN_SELF = YES;
				CLANG_WARN_OBJC_LITERAL_CONVERSION = YES;
				CLANG_WARN_OBJC_ROOT_CLASS = YES_ERROR;
				CLANG_WARN_QUOTED_INCLUDE_IN_FRAMEWORK_HEADER = YES;
				CLANG_WARN_RANGE_LOOP_ANALYSIS = YES;
				CLANG_WARN_STRICT_PROTOTYPES = YES;
				CLANG_WARN_SUSPICIOUS_MOVE = YES;
				CLANG_WARN_UNGUARDED_AVAILABILITY = YES_AGGRESSIVE;
				CLANG_WARN_UNREACHABLE_CODE = YES;
				CLANG_WARN__DUPLICATE_METHOD_MATCH = YES;
				COPY_PHASE_STRIP = NO;
				DEBUG_INFORMATION_FORMAT = dwarf;
				ENABLE_STRICT_OBJC_MSGSEND = YES;
				ENABLE_TESTABILITY = YES;
				GCC_C_LANGUAGE_STANDARD = gnu11;
				GCC_DYNAMIC_NO_PIC = NO;
				GCC_NO_COMMON_BLOCKS = YES;
				GCC_OPTIMIZATION_LEVEL = 0;
				GCC_PREPROCESSOR_DEFINITIONS = (
					"DEBUG=1",
					"$(inherited)",
				);
				GCC_WARN_64_TO_32_BIT_CONVERSION = YES;
				GCC_WARN_ABOUT_RETURN_TYPE = YES_ERROR;
				GCC_WARN_UNDECLARED_SELECTOR = YES;
				GCC_WARN_UNINITIALIZED_AUTOS = YES_AGGRESSIVE;
				GCC_WARN_UNUSED_FUNCTION = YES;
				GCC_WARN_UNUSED_VARIABLE = YES;
				IPHONEOS_DEPLOYMENT_TARGET = 15.5;
				MTL_ENABLE_DEBUG_INFO = INCLUDE_SOURCE;
				MTL_FAST_MATH = YES;
				ONLY_ACTIVE_ARCH = YES;
				SDKROOT = iphoneos;
				SWIFT_ACTIVE_COMPILATION_CONDITIONS = DEBUG;
				SWIFT_OPTIMIZATION_LEVEL = "-Onone";
			};
			name = Debug;
		};
		F43BB4EB293C88C800D9BE12 /* Release */ = {
			isa = XCBuildConfiguration;
			buildSettings = {
				ALWAYS_SEARCH_USER_PATHS = NO;
				CLANG_ANALYZER_NONNULL = YES;
				CLANG_ANALYZER_NUMBER_OBJECT_CONVERSION = YES_AGGRESSIVE;
				CLANG_CXX_LANGUAGE_STANDARD = "gnu++17";
				CLANG_ENABLE_MODULES = YES;
				CLANG_ENABLE_OBJC_ARC = YES;
				CLANG_ENABLE_OBJC_WEAK = YES;
				CLANG_WARN_BLOCK_CAPTURE_AUTORELEASING = YES;
				CLANG_WARN_BOOL_CONVERSION = YES;
				CLANG_WARN_COMMA = YES;
				CLANG_WARN_CONSTANT_CONVERSION = YES;
				CLANG_WARN_DEPRECATED_OBJC_IMPLEMENTATIONS = YES;
				CLANG_WARN_DIRECT_OBJC_ISA_USAGE = YES_ERROR;
				CLANG_WARN_DOCUMENTATION_COMMENTS = YES;
				CLANG_WARN_EMPTY_BODY = YES;
				CLANG_WARN_ENUM_CONVERSION = YES;
				CLANG_WARN_INFINITE_RECURSION = YES;
				CLANG_WARN_INT_CONVERSION = YES;
				CLANG_WARN_NON_LITERAL_NULL_CONVERSION = YES;
				CLANG_WARN_OBJC_IMPLICIT_RETAIN_SELF = YES;
				CLANG_WARN_OBJC_LITERAL_CONVERSION = YES;
				CLANG_WARN_OBJC_ROOT_CLASS = YES_ERROR;
				CLANG_WARN_QUOTED_INCLUDE_IN_FRAMEWORK_HEADER = YES;
				CLANG_WARN_RANGE_LOOP_ANALYSIS = YES;
				CLANG_WARN_STRICT_PROTOTYPES = YES;
				CLANG_WARN_SUSPICIOUS_MOVE = YES;
				CLANG_WARN_UNGUARDED_AVAILABILITY = YES_AGGRESSIVE;
				CLANG_WARN_UNREACHABLE_CODE = YES;
				CLANG_WARN__DUPLICATE_METHOD_MATCH = YES;
				COPY_PHASE_STRIP = NO;
				DEBUG_INFORMATION_FORMAT = "dwarf-with-dsym";
				ENABLE_NS_ASSERTIONS = NO;
				ENABLE_STRICT_OBJC_MSGSEND = YES;
				GCC_C_LANGUAGE_STANDARD = gnu11;
				GCC_NO_COMMON_BLOCKS = YES;
				GCC_WARN_64_TO_32_BIT_CONVERSION = YES;
				GCC_WARN_ABOUT_RETURN_TYPE = YES_ERROR;
				GCC_WARN_UNDECLARED_SELECTOR = YES;
				GCC_WARN_UNINITIALIZED_AUTOS = YES_AGGRESSIVE;
				GCC_WARN_UNUSED_FUNCTION = YES;
				GCC_WARN_UNUSED_VARIABLE = YES;
				IPHONEOS_DEPLOYMENT_TARGET = 15.5;
				MTL_ENABLE_DEBUG_INFO = NO;
				MTL_FAST_MATH = YES;
				SDKROOT = iphoneos;
				SWIFT_COMPILATION_MODE = wholemodule;
				SWIFT_OPTIMIZATION_LEVEL = "-O";
				VALIDATE_PRODUCT = YES;
			};
			name = Release;
		};
		F43BB4ED293C88C800D9BE12 /* Debug */ = {
			isa = XCBuildConfiguration;
			buildSettings = {
				ASSETCATALOG_COMPILER_APPICON_NAME = AppIcon;
				ASSETCATALOG_COMPILER_GLOBAL_ACCENT_COLOR_NAME = AccentColor;
				CODE_SIGN_STYLE = Automatic;
				CURRENT_PROJECT_VERSION = 1;
				DEVELOPMENT_TEAM = Z52WMUYY55;
				GENERATE_INFOPLIST_FILE = YES;
				INFOPLIST_FILE = "Project(Isa-Vladislav-Rose)/Info.plist";
				INFOPLIST_KEY_UIApplicationSupportsIndirectInputEvents = YES;
				INFOPLIST_KEY_UILaunchStoryboardName = LaunchScreen;
				INFOPLIST_KEY_UIMainStoryboardFile = Main;
				INFOPLIST_KEY_UISupportedInterfaceOrientations_iPad = "UIInterfaceOrientationPortrait UIInterfaceOrientationPortraitUpsideDown UIInterfaceOrientationLandscapeLeft UIInterfaceOrientationLandscapeRight";
				INFOPLIST_KEY_UISupportedInterfaceOrientations_iPhone = "UIInterfaceOrientationPortrait UIInterfaceOrientationLandscapeLeft UIInterfaceOrientationLandscapeRight";
				LD_RUNPATH_SEARCH_PATHS = (
					"$(inherited)",
					"@executable_path/Frameworks",
				);
				MARKETING_VERSION = 1.0;
				PRODUCT_BUNDLE_IDENTIFIER = "project01.Project-Isa-Vladislav-Rose-";
				PRODUCT_NAME = "$(TARGET_NAME)";
				SWIFT_EMIT_LOC_STRINGS = YES;
				SWIFT_VERSION = 5.0;
				TARGETED_DEVICE_FAMILY = "1,2";
			};
			name = Debug;
		};
		F43BB4EE293C88C800D9BE12 /* Release */ = {
			isa = XCBuildConfiguration;
			buildSettings = {
				ASSETCATALOG_COMPILER_APPICON_NAME = AppIcon;
				ASSETCATALOG_COMPILER_GLOBAL_ACCENT_COLOR_NAME = AccentColor;
				CODE_SIGN_STYLE = Automatic;
				CURRENT_PROJECT_VERSION = 1;
				DEVELOPMENT_TEAM = Z52WMUYY55;
				GENERATE_INFOPLIST_FILE = YES;
				INFOPLIST_FILE = "Project(Isa-Vladislav-Rose)/Info.plist";
				INFOPLIST_KEY_UIApplicationSupportsIndirectInputEvents = YES;
				INFOPLIST_KEY_UILaunchStoryboardName = LaunchScreen;
				INFOPLIST_KEY_UIMainStoryboardFile = Main;
				INFOPLIST_KEY_UISupportedInterfaceOrientations_iPad = "UIInterfaceOrientationPortrait UIInterfaceOrientationPortraitUpsideDown UIInterfaceOrientationLandscapeLeft UIInterfaceOrientationLandscapeRight";
				INFOPLIST_KEY_UISupportedInterfaceOrientations_iPhone = "UIInterfaceOrientationPortrait UIInterfaceOrientationLandscapeLeft UIInterfaceOrientationLandscapeRight";
				LD_RUNPATH_SEARCH_PATHS = (
					"$(inherited)",
					"@executable_path/Frameworks",
				);
				MARKETING_VERSION = 1.0;
				PRODUCT_BUNDLE_IDENTIFIER = "project01.Project-Isa-Vladislav-Rose-";
				PRODUCT_NAME = "$(TARGET_NAME)";
				SWIFT_EMIT_LOC_STRINGS = YES;
				SWIFT_VERSION = 5.0;
				TARGETED_DEVICE_FAMILY = "1,2";
			};
			name = Release;
		};
/* End XCBuildConfiguration section */

/* Begin XCConfigurationList section */
		F43BB4D3293C88C400D9BE12 /* Build configuration list for PBXProject "Project(Isa-Vladislav-Rose)" */ = {
			isa = XCConfigurationList;
			buildConfigurations = (
				F43BB4EA293C88C800D9BE12 /* Debug */,
				F43BB4EB293C88C800D9BE12 /* Release */,
			);
			defaultConfigurationIsVisible = 0;
			defaultConfigurationName = Release;
		};
		F43BB4EC293C88C800D9BE12 /* Build configuration list for PBXNativeTarget "Project(Isa-Vladislav-Rose)" */ = {
			isa = XCConfigurationList;
			buildConfigurations = (
				F43BB4ED293C88C800D9BE12 /* Debug */,
				F43BB4EE293C88C800D9BE12 /* Release */,
			);
			defaultConfigurationIsVisible = 0;
			defaultConfigurationName = Release;
		};
/* End XCConfigurationList section */
	};
	rootObject = F43BB4D0293C88C400D9BE12 /* Project object */;
}
